
Microsoft Visual Studio Solution File, Format Version 12.00
# Visual Studio Version 17
VisualStudioVersion = 17.14.36623.8 d17.14
MinimumVisualStudioVersion = 10.0.40219.1
Project("{FAE04EC0-301F-11D3-BF4B-00C04F79EFBC}") = "PalavraSecreta", "PalavraSecreta.csproj", "{D63AA74C-9C44-4814-89D4-1C8FD6799D2F}"
EndProject
Global
	GlobalSection(SolutionConfigurationPlatforms) = preSolution
		Debug|Any CPU = Debug|Any CPU
		Release|Any CPU = Release|Any CPU
	EndGlobalSection
	GlobalSection(ProjectConfigurationPlatforms) = postSolution
		{D63AA74C-9C44-4814-89D4-1C8FD6799D2F}.Debug|Any CPU.ActiveCfg = Debug|Any CPU
		{D63AA74C-9C44-4814-89D4-1C8FD6799D2F}.Debug|Any CPU.Build.0 = Debug|Any CPU
		{D63AA74C-9C44-4814-89D4-1C8FD6799D2F}.Release|Any CPU.ActiveCfg = Release|Any CPU
		{D63AA74C-9C44-4814-89D4-1C8FD6799D2F}.Release|Any CPU.Build.0 = Release|Any CPU
	EndGlobalSection
	GlobalSection(SolutionProperties) = preSolution
		HideSolutionNode = FALSE
	EndGlobalSection
	GlobalSection(ExtensibilityGlobals) = postSolution
		SolutionGuid = {A13A90A7-F589-4EBE-B8E3-05CB3EF4DB63}
	EndGlobalSection
EndGlobal
